PODS:
  - Flutter (1.0.0)
  - image_picker_ios (0.0.1):
    - Flutter
  - MTBBarcodeScanner (5.0.11)
  - qr_code_scanner (0.2.0):
    - Flutter
    - MTBBarcodeScanner

DEPENDENCIES:
  - Flutter (from `Flutter`)
  - image_picker_ios (from `.symlinks/plugins/image_picker_ios/ios`)
  - qr_code_scanner (from `.symlinks/plugins/qr_code_scanner/ios`)

SPEC REPOS:
  trunk:
    - MTBBarcodeScanner

EXTERNAL SOURCES:
  Flutter:
    :path: Flutter
  image_picker_ios:
    :path: ".symlinks/plugins/image_picker_ios/ios"
  qr_code_scanner:
    :path: ".symlinks/plugins/qr_code_scanner/ios"

SPEC CHECKSUMS:
  Flutter: cabc95a1d2626b1b06e7179b784ebcf0c0cde467
  image_picker_ios: 4f2f91b01abdb52842a8e277617df877e40f905b
  MTBBarcodeScanner: f453b33c4b7dfe545d8c6484ed744d55671788cb
  qr_code_scanner: bb67d64904c3b9658ada8c402e8b4d406d5d796e

PODFILE CHECKSUM: 251cb053df7158f337c0712f2ab29f4e0fa474ce

COCOAPODS: 1.16.2
